// !$*UTF8*$!
{
	archiveVersion = 1;
	classes = {
	};
	objectVersion = 50;
	objects = {

/* Begin PBXBuildFile section */
		730D8D63247ED605006E1CCF /* AppDelegate.swift in Sources */ = {isa = PBXBuildFile; fileRef = 730D8D62247ED605006E1CCF /* AppDelegate.swift */; };
		730D8D65247ED605006E1CCF /* SceneDelegate.swift in Sources */ = {isa = PBXBuildFile; fileRef = 730D8D64247ED605006E1CCF /* SceneDelegate.swift */; };
		730D8D67247ED605006E1CCF /* ContentView.swift in Sources */ = {isa = PBXBuildFile; fileRef = 730D8D66247ED605006E1CCF /* ContentView.swift */; };
		730D8D69247ED60A006E1CCF /* Assets.xcassets in Resources */ = {isa = PBXBuildFile; fileRef = 730D8D68247ED60A006E1CCF /* Assets.xcassets */; };
		730D8D6C247ED60A006E1CCF /* Preview Assets.xcassets in Resources */ = {isa = PBXBuildFile; fileRef = 730D8D6B247ED60A006E1CCF /* Preview Assets.xcassets */; };
		730D8D6F247ED60A006E1CCF /* LaunchScreen.storyboard in Resources */ = {isa = PBXBuildFile; fileRef = 730D8D6D247ED60A006E1CCF /* LaunchScreen.storyboard */; };
		730D8D78247ED857006E1CCF /* WeatherModel.swift in Sources */ = {isa = PBXBuildFile; fileRef = 730D8D77247ED857006E1CCF /* WeatherModel.swift */; };
		730D8D7D247F000F006E1CCF /* WeatherViewModel.swift in Sources */ = {isa = PBXBuildFile; fileRef = 730D8D7C247F000F006E1CCF /* WeatherViewModel.swift */; };
/* End PBXBuildFile section */

/* Begin PBXFileReference section */
		730D8D5F247ED605006E1CCF /* weather.app */ = {isa = PBXFileReference; explicitFileType = wrapper.application; includeInIndex = 0; path = weather.app; sourceTree = BUILT_PRODUCTS_DIR; };
		730D8D62247ED605006E1CCF /* AppDelegate.swift */ = {isa = PBXFileReference; lastKnownFileType = sourcecode.swift; path = AppDelegate.swift; sourceTree = "<group>"; };
		730D8D64247ED605006E1CCF /* SceneDelegate.swift */ = {isa = PBXFileReference; lastKnownFileType = sourcecode.swift; path = SceneDelegate.swift; sourceTree = "<group>"; };
		730D8D66247ED605006E1CCF /* ContentView.swift */ = {isa = PBXFileReference; lastKnownFileType = sourcecode.swift; path = ContentView.swift; sourceTree = "<group>"; };
		730D8D68247ED60A006E1CCF /* Assets.xcassets */ = {isa = PBXFileReference; lastKnownFileType = folder.assetcatalog; path = Assets.xcassets; sourceTree = "<group>"; };
		730D8D6B247ED60A006E1CCF /* Preview Assets.xcassets */ = {isa = PBXFileReference; lastKnownFileType = folder.assetcatalog; path = "Preview Assets.xcassets"; sourceTree = "<group>"; };
		730D8D6E247ED60A006E1CCF /* Base */ = {isa = PBXFileReference; lastKnownFileType = file.storyboard; name = Base; path = Base.lproj/LaunchScreen.storyboard; sourceTree = "<group>"; };
		730D8D70247ED60A006E1CCF /* Info.plist */ = {isa = PBXFileReference; lastKnownFileType = text.plist.xml; path = Info.plist; sourceTree = "<group>"; };
		730D8D77247ED857006E1CCF /* WeatherModel.swift */ = {isa = PBXFileReference; lastKnownFileType = sourcecode.swift; path = WeatherModel.swift; sourceTree = "<group>"; };
		730D8D7C247F000F006E1CCF /* WeatherViewModel.swift */ = {isa = PBXFileReference; lastKnownFileType = sourcecode.swift; path = WeatherViewModel.swift; sourceTree = "<group>"; };
/* End PBXFileReference section */

/* Begin PBXFrameworksBuildPhase section */
		730D8D5C247ED605006E1CCF /* Frameworks */ = {
			isa = PBXFrameworksBuildPhase;
			buildActionMask = 2147483647;
			files = (
			);
			runOnlyForDeploymentPostprocessing = 0;
		};
/* End PBXFrameworksBuildPhase section */

/* Begin PBXGroup section */
		730D8D56247ED605006E1CCF = {
			isa = PBXGroup;
			children = (
				730D8D61247ED605006E1CCF /* weather */,
				730D8D60247ED605006E1CCF /* Products */,
			);
			sourceTree = "<group>";
		};
		730D8D60247ED605006E1CCF /* Products */ = {
			isa = PBXGroup;
			children = (
				730D8D5F247ED605006E1CCF /* weather.app */,
			);
			name = Products;
			sourceTree = "<group>";
		};
		730D8D61247ED605006E1CCF /* weather */ = {
			isa = PBXGroup;
			children = (
				730D8D7B247EFFC9006E1CCF /* viewModel */,
				730D8D76247ED807006E1CCF /* model */,
				730D8D62247ED605006E1CCF /* AppDelegate.swift */,
				730D8D64247ED605006E1CCF /* SceneDelegate.swift */,
				730D8D66247ED605006E1CCF /* ContentView.swift */,
				730D8D68247ED60A006E1CCF /* Assets.xcassets */,
				730D8D6D247ED60A006E1CCF /* LaunchScreen.storyboard */,
				730D8D70247ED60A006E1CCF /* Info.plist */,
				730D8D6A247ED60A006E1CCF /* Preview Content */,
			);
			path = weather;
			sourceTree = "<group>";
		};
		730D8D6A247ED60A006E1CCF /* Preview Content */ = {
			isa = PBXGroup;
			children = (
				730D8D6B247ED60A006E1CCF /* Preview Assets.xcassets */,
			);
			path = "Preview Content";
			sourceTree = "<group>";
		};
		730D8D76247ED807006E1CCF /* model */ = {
			isa = PBXGroup;
			children = (
				730D8D77247ED857006E1CCF /* WeatherModel.swift */,
			);
			path = model;
			sourceTree = "<group>";
		};
		730D8D7B247EFFC9006E1CCF /* viewModel */ = {
			isa = PBXGroup;
			children = (
				730D8D7C247F000F006E1CCF /* WeatherViewModel.swift */,
			);
			path = viewModel;
			sourceTree = "<group>";
		};
/* End PBXGroup section */

/* Begin PBXNativeTarget section */
		730D8D5E247ED605006E1CCF /* weather */ = {
			isa = PBXNativeTarget;
			buildConfigurationList = 730D8D73247ED60A006E1CCF /* Build configuration list for PBXNativeTarget "weather" */;
			buildPhases = (
				730D8D5B247ED605006E1CCF /* Sources */,
				730D8D5C247ED605006E1CCF /* Frameworks */,
				730D8D5D247ED605006E1CCF /* Resources */,
			);
			buildRules = (
			);
			dependencies = (
			);
			name = weather;
			productName = weather;
			productReference = 730D8D5F247ED605006E1CCF /* weather.app */;
			productType = "com.apple.product-type.application";
		};
/* End PBXNativeTarget section */

/* Begin PBXProject section */
		730D8D57247ED605006E1CCF /* Project object */ = {
			isa = PBXProject;
			attributes = {
				LastSwiftUpdateCheck = 1150;
				LastUpgradeCheck = 1150;
				ORGANIZATIONNAME = wtao;
				TargetAttributes = {
					730D8D5E247ED605006E1CCF = {
						CreatedOnToolsVersion = 11.5;
					};
				};
			};
			buildConfigurationList = 730D8D5A247ED605006E1CCF /* Build configuration list for PBXProject "weather" */;
			compatibilityVersion = "Xcode 9.3";
			developmentRegion = en;
			hasScannedForEncodings = 0;
			knownRegions = (
				en,
				Base,
			);
			mainGroup = 730D8D56247ED605006E1CCF;
			productRefGroup = 730D8D60247ED605006E1CCF /* Products */;
			projectDirPath = "";
			projectRoot = "";
			targets = (
				730D8D5E247ED605006E1CCF /* weather */,
			);
		};
/* End PBXProject section */

/* Begin PBXResourcesBuildPhase section */
		730D8D5D247ED605006E1CCF /* Resources */ = {
			isa = PBXResourcesBuildPhase;
			buildActionMask = 2147483647;
			files = (
				730D8D6F247ED60A006E1CCF /* LaunchScreen.storyboard in Resources */,
				730D8D6C247ED60A006E1CCF /* Preview Assets.xcassets in Resources */,
				730D8D69247ED60A006E1CCF /* Assets.xcassets in Resources */,
			);
			runOnlyForDeploymentPostprocessing = 0;
		};
/* End PBXResourcesBuildPhase section */

/* Begin PBXSourcesBuildPhase section */
		730D8D5B247ED605006E1CCF /* Sources */ = {
			isa = PBXSourcesBuildPhase;
			buildActionMask = 2147483647;
			files = (
				730D8D7D247F000F006E1CCF /* WeatherViewModel.swift in Sources */,
				730D8D63247ED605006E1CCF /* AppDelegate.swift in Sources */,
				730D8D65247ED605006E1CCF /* SceneDelegate.swift in Sources */,
				730D8D78247ED857006E1CCF /* WeatherModel.swift in Sources */,
				730D8D67247ED605006E1CCF /* ContentView.swift in Sources */,
			);
			runOnlyForDeploymentPostprocessing = 0;
		};
/* End PBXSourcesBuildPhase section */

/* Begin PBXVariantGroup section */
		730D8D6D247ED60A006E1CCF /* LaunchScreen.storyboard */ = {
			isa = PBXVariantGroup;
			children = (
				730D8D6E247ED60A006E1CCF /* Base */,
			);
			name = LaunchScreen.storyboard;
			sourceTree = "<group>";
		};
/* End PBXVariantGroup section */

/* Begin XCBuildConfiguration section */
		730D8D71247ED60A006E1CCF /* Debug */ = {
			isa = XCBuildConfiguration;
			buildSettings = {
				ALWAYS_SEARCH_USER_PATHS = NO;
				CLANG_ANALYZER_NONNULL = YES;
				CLANG_ANALYZER_NUMBER_OBJECT_CONVERSION = YES_AGGRESSIVE;
				CLANG_CXX_LANGUAGE_STANDARD = "gnu++14";
				CLANG_CXX_LIBRARY = "libc++";
				CLANG_ENABLE_MODULES = YES;
				CLANG_ENABLE_OBJC_ARC = YES;
				CLANG_ENABLE_OBJC_WEAK = YES;
				CLANG_WARN_BLOCK_CAPTURE_AUTORELEASING = YES;
				CLANG_WARN_BOOL_CONVERSION = YES;
				CLANG_WARN_COMMA = YES;
				CLANG_WARN_CONSTANT_CONVERSION = YES;
				CLANG_WARN_DEPRECATED_OBJC_IMPLEMENTATIONS = YES;
				CLANG_WARN_DIRECT_OBJC_ISA_USAGE = YES_ERROR;
				CLANG_WARN_DOCUMENTATION_COMMENTS = YES;
				CLANG_WARN_EMPTY_BODY = YES;
				CLANG_WARN_ENUM_CONVERSION = YES;
				CLANG_WARN_INFINITE_RECURSION = YES;
				CLANG_WARN_INT_CONVERSION = YES;
				CLANG_WARN_NON_LITERAL_NULL_CONVERSION = YES;
				CLANG_WARN_OBJC_IMPLICIT_RETAIN_SELF = YES;
				CLANG_WARN_OBJC_LITERAL_CONVERSION = YES;
				CLANG_WARN_OBJC_ROOT_CLASS = YES_ERROR;
				CLANG_WARN_RANGE_LOOP_ANALYSIS = YES;
				CLANG_WARN_STRICT_PROTOTYPES = YES;
				CLANG_WARN_SUSPICIOUS_MOVE = YES;
				CLANG_WARN_UNGUARDED_AVAILABILITY = YES_AGGRESSIVE;
				CLANG_WARN_UNREACHABLE_CODE = YES;
				CLANG_WARN__DUPLICATE_METHOD_MATCH = YES;
				COPY_PHASE_STRIP = NO;
				DEBUG_INFORMATION_FORMAT = dwarf;
				ENABLE_STRICT_OBJC_MSGSEND = YES;
				ENABLE_TESTABILITY = YES;
				GCC_C_LANGUAGE_STANDARD = gnu11;
				GCC_DYNAMIC_NO_PIC = NO;
				GCC_NO_COMMON_BLOCKS = YES;
				GCC_OPTIMIZATION_LEVEL = 0;
				GCC_PREPROCESSOR_DEFINITIONS = (
					"DEBUG=1",
					"$(inherited)",
				);
				GCC_WARN_64_TO_32_BIT_CONVERSION = YES;
				GCC_WARN_ABOUT_RETURN_TYPE = YES_ERROR;
				GCC_WARN_UNDECLARED_SELECTOR = YES;
				GCC_WARN_UNINITIALIZED_AUTOS = YES_AGGRESSIVE;
				GCC_WARN_UNUSED_FUNCTION = YES;
				GCC_WARN_UNUSED_VARIABLE = YES;
				IPHONEOS_DEPLOYMENT_TARGET = 13.5;
				MTL_ENABLE_DEBUG_INFO = INCLUDE_SOURCE;
				MTL_FAST_MATH = YES;
				ONLY_ACTIVE_ARCH = YES;
				SDKROOT = iphoneos;
				SWIFT_ACTIVE_COMPILATION_CONDITIONS = DEBUG;
				SWIFT_OPTIMIZATION_LEVEL = "-Onone";
			};
			name = Debug;
		};
		730D8D72247ED60A006E1CCF /* Release */ = {
			isa = XCBuildConfiguration;
			buildSettings = {
				ALWAYS_SEARCH_USER_PATHS = NO;
				CLANG_ANALYZER_NONNULL = YES;
				CLANG_ANALYZER_NUMBER_OBJECT_CONVERSION = YES_AGGRESSIVE;
				CLANG_CXX_LANGUAGE_STANDARD = "gnu++14";
				CLANG_CXX_LIBRARY = "libc++";
				CLANG_ENABLE_MODULES = YES;
				CLANG_ENABLE_OBJC_ARC = YES;
				CLANG_ENABLE_OBJC_WEAK = YES;
				CLANG_WARN_BLOCK_CAPTURE_AUTORELEASING = YES;
				CLANG_WARN_BOOL_CONVERSION = YES;
				CLANG_WARN_COMMA = YES;
				CLANG_WARN_CONSTANT_CONVERSION = YES;
				CLANG_WARN_DEPRECATED_OBJC_IMPLEMENTATIONS = YES;
				CLANG_WARN_DIRECT_OBJC_ISA_USAGE = YES_ERROR;
				CLANG_WARN_DOCUMENTATION_COMMENTS = YES;
				CLANG_WARN_EMPTY_BODY = YES;
				CLANG_WARN_ENUM_CONVERSION = YES;
				CLANG_WARN_INFINITE_RECURSION = YES;
				CLANG_WARN_INT_CONVERSION = YES;
				CLANG_WARN_NON_LITERAL_NULL_CONVERSION = YES;
				CLANG_WARN_OBJC_IMPLICIT_RETAIN_SELF = YES;
				CLANG_WARN_OBJC_LITERAL_CONVERSION = YES;
				CLANG_WARN_OBJC_ROOT_CLASS = YES_ERROR;
				CLANG_WARN_RANGE_LOOP_ANALYSIS = YES;
				CLANG_WARN_STRICT_PROTOTYPES = YES;
				CLANG_WARN_SUSPICIOUS_MOVE = YES;
				CLANG_WARN_UNGUARDED_AVAILABILITY = YES_AGGRESSIVE;
				CLANG_WARN_UNREACHABLE_CODE = YES;
				CLANG_WARN__DUPLICATE_METHOD_MATCH = YES;
				COPY_PHASE_STRIP = NO;
				DEBUG_INFORMATION_FORMAT = "dwarf-with-dsym";
				ENABLE_NS_ASSERTIONS = NO;
				ENABLE_STRICT_OBJC_MSGSEND = YES;
				GCC_C_LANGUAGE_STANDARD = gnu11;
				GCC_NO_COMMON_BLOCKS = YES;
				GCC_WARN_64_TO_32_BIT_CONVERSION = YES;
				GCC_WARN_ABOUT_RETURN_TYPE = YES_ERROR;
				GCC_WARN_UNDECLARED_SELECTOR = YES;
				GCC_WARN_UNINITIALIZED_AUTOS = YES_AGGRESSIVE;
				GCC_WARN_UNUSED_FUNCTION = YES;
				GCC_WARN_UNUSED_VARIABLE = YES;
				IPHONEOS_DEPLOYMENT_TARGET = 13.5;
				MTL_ENABLE_DEBUG_INFO = NO;
				MTL_FAST_MATH = YES;
				SDKROOT = iphoneos;
				SWIFT_COMPILATION_MODE = wholemodule;
				SWIFT_OPTIMIZATION_LEVEL = "-O";
				VALIDATE_PRODUCT = YES;
			};
			name = Release;
		};
		730D8D74247ED60A006E1CCF /* Debug */ = {
			isa = XCBuildConfiguration;
			buildSettings = {
				ASSETCATALOG_COMPILER_APPICON_NAME = AppIcon;
				CODE_SIGN_STYLE = Automatic;
				DEVELOPMENT_ASSET_PATHS = "\"weather/Preview Content\"";
				ENABLE_PREVIEWS = YES;
				INFOPLIST_FILE = weather/Info.plist;
				LD_RUNPATH_SEARCH_PATHS = (
					"$(inherited)",
					"@executable_path/Frameworks",
				);
				PRODUCT_BUNDLE_IDENTIFIER = com.kickme.weather;
				PRODUCT_NAME = "$(TARGET_NAME)";
				SWIFT_VERSION = 5.0;
				TARGETED_DEVICE_FAMILY = "1,2";
			};
			name = Debug;
		};
		730D8D75247ED60A006E1CCF /* Release */ = {
			isa = XCBuildConfiguration;
			buildSettings = {
				ASSETCATALOG_COMPILER_APPICON_NAME = AppIcon;
				CODE_SIGN_STYLE = Automatic;
				DEVELOPMENT_ASSET_PATHS = "\"weather/Preview Content\"";
				ENABLE_PREVIEWS = YES;
				INFOPLIST_FILE = weather/Info.plist;
				LD_RUNPATH_SEARCH_PATHS = (
					"$(inherited)",
					"@executable_path/Frameworks",
				);
				PRODUCT_BUNDLE_IDENTIFIER = com.kickme.weather;
				PRODUCT_NAME = "$(TARGET_NAME)";
				SWIFT_VERSION = 5.0;
				TARGETED_DEVICE_FAMILY = "1,2";
			};
			name = Release;
		};
/* End XCBuildConfiguration section */

/* Begin XCConfigurationList section */
		730D8D5A247ED605006E1CCF /* Build configuration list for PBXProject "weather" */ = {
			isa = XCConfigurationList;
			buildConfigurations = (
				730D8D71247ED60A006E1CCF /* Debug */,
				730D8D72247ED60A006E1CCF /* Release */,
			);
			defaultConfigurationIsVisible = 0;
			defaultConfigurationName = Release;
		};
		730D8D73247ED60A006E1CCF /* Build configuration list for PBXNativeTarget "weather" */ = {
			isa = XCConfigurationList;
			buildConfigurations = (
				730D8D74247ED60A006E1CCF /* Debug */,
				730D8D75247ED60A006E1CCF /* Release */,
			);
			defaultConfigurationIsVisible = 0;
			defaultConfigurationName = Release;
		};
/* End XCConfigurationList section */
	};
	rootObject = 730D8D57247ED605006E1CCF /* Project object */;
}
